
Microsoft Visual Studio Solution File, Format Version 12.00
# Visual Studio Version 16
VisualStudioVersion = 25.0.1706.1
MinimumVisualStudioVersion = 10.0.40219.1
Project("{FAE04EC0-301F-11D3-BF4B-00C04F79EFBC}") = "GenericTypesWithConstraints", "GenericTypesWithConstraints\GenericTypesWithConstraints.csproj", "{52952A32-FD8B-441C-B0DF-F529A2B91D5B}"
EndProject
Global
	GlobalSection(SolutionConfigurationPlatforms) = preSolution
		Debug|Any CPU = Debug|Any CPU
		Release|Any CPU = Release|Any CPU
	EndGlobalSection
	GlobalSection(ProjectConfigurationPlatforms) = postSolution
		{52952A32-FD8B-441C-B0DF-F529A2B91D5B}.Debug|Any CPU.ActiveCfg = Debug|Any CPU
		{52952A32-FD8B-441C-B0DF-F529A2B91D5B}.Debug|Any CPU.Build.0 = Debug|Any CPU
		{52952A32-FD8B-441C-B0DF-F529A2B91D5B}.Release|Any CPU.ActiveCfg = Release|Any CPU
		{52952A32-FD8B-441C-B0DF-F529A2B91D5B}.Release|Any CPU.Build.0 = Release|Any CPU
	EndGlobalSection
	GlobalSection(SolutionProperties) = preSolution
		HideSolutionNode = FALSE
	EndGlobalSection
	GlobalSection(ExtensibilityGlobals) = postSolution
		SolutionGuid = {CA247A5F-2F3F-4C87-94E1-B7119BB35609}
	EndGlobalSection
EndGlobal
