
Microsoft Visual Studio Solution File, Format Version 12.00
Project("{FAE04EC0-301F-11D3-BF4B-00C04F79EFBC}") = "StackSample", "StackSample\StackSample.csproj", "{11EBD879-41F7-4919-8C23-0853003414B6}"
EndProject
Global
	GlobalSection(SolutionConfigurationPlatforms) = preSolution
		Debug|Any CPU = Debug|Any CPU
		Release|Any CPU = Release|Any CPU
	EndGlobalSection
	GlobalSection(ProjectConfigurationPlatforms) = postSolution
		{11EBD879-41F7-4919-8C23-0853003414B6}.Debug|Any CPU.ActiveCfg = Debug|Any CPU
		{11EBD879-41F7-4919-8C23-0853003414B6}.Debug|Any CPU.Build.0 = Debug|Any CPU
		{11EBD879-41F7-4919-8C23-0853003414B6}.Release|Any CPU.ActiveCfg = Release|Any CPU
		{11EBD879-41F7-4919-8C23-0853003414B6}.Release|Any CPU.Build.0 = Release|Any CPU
	EndGlobalSection
EndGlobal
