
Microsoft Visual Studio Solution File, Format Version 12.00
Project("{FAE04EC0-301F-11D3-BF4B-00C04F79EFBC}") = "SimpleArrays", "SimpleArrays\SimpleArrays.csproj", "{B0579B6D-847C-4F34-B122-8596E5EBE190}"
EndProject
Global
	GlobalSection(SolutionConfigurationPlatforms) = preSolution
		Debug|Any CPU = Debug|Any CPU
		Release|Any CPU = Release|Any CPU
	EndGlobalSection
	GlobalSection(ProjectConfigurationPlatforms) = postSolution
		{B0579B6D-847C-4F34-B122-8596E5EBE190}.Debug|Any CPU.ActiveCfg = Debug|Any CPU
		{B0579B6D-847C-4F34-B122-8596E5EBE190}.Debug|Any CPU.Build.0 = Debug|Any CPU
		{B0579B6D-847C-4F34-B122-8596E5EBE190}.Release|Any CPU.ActiveCfg = Release|Any CPU
		{B0579B6D-847C-4F34-B122-8596E5EBE190}.Release|Any CPU.Build.0 = Release|Any CPU
	EndGlobalSection
EndGlobal
