
Microsoft Visual Studio Solution File, Format Version 12.00
# Visual Studio Version 16
VisualStudioVersion = 25.0.1706.1
MinimumVisualStudioVersion = 10.0.40219.1
Project("{FAE04EC0-301F-11D3-BF4B-00C04F79EFBC}") = "WebApp", "WebApp\WebApp.csproj", "{B8615CCD-59CE-4A5A-8250-59E1F24C0EEE}"
EndProject
Global
	GlobalSection(SolutionConfigurationPlatforms) = preSolution
		Debug|Any CPU = Debug|Any CPU
		Release|Any CPU = Release|Any CPU
	EndGlobalSection
	GlobalSection(ProjectConfigurationPlatforms) = postSolution
		{B8615CCD-59CE-4A5A-8250-59E1F24C0EEE}.Debug|Any CPU.ActiveCfg = Debug|Any CPU
		{B8615CCD-59CE-4A5A-8250-59E1F24C0EEE}.Debug|Any CPU.Build.0 = Debug|Any CPU
		{B8615CCD-59CE-4A5A-8250-59E1F24C0EEE}.Release|Any CPU.ActiveCfg = Release|Any CPU
		{B8615CCD-59CE-4A5A-8250-59E1F24C0EEE}.Release|Any CPU.Build.0 = Release|Any CPU
	EndGlobalSection
	GlobalSection(SolutionProperties) = preSolution
		HideSolutionNode = FALSE
	EndGlobalSection
	GlobalSection(ExtensibilityGlobals) = postSolution
		SolutionGuid = {586993B7-958D-4608-820D-A09C9C2DBA50}
	EndGlobalSection
EndGlobal
