
Microsoft Visual Studio Solution File, Format Version 12.00
# Visual Studio Version 16
VisualStudioVersion = 25.0.1706.1
MinimumVisualStudioVersion = 10.0.40219.1
Project("{FAE04EC0-301F-11D3-BF4B-00C04F79EFBC}") = "HelloWorld", "HelloWorld\HelloWorld.csproj", "{DD0CFCB2-8437-4BC6-8D30-5B86E9244528}"
EndProject
Global
	GlobalSection(SolutionConfigurationPlatforms) = preSolution
		Debug|Any CPU = Debug|Any CPU
		Release|Any CPU = Release|Any CPU
	EndGlobalSection
	GlobalSection(ProjectConfigurationPlatforms) = postSolution
		{DD0CFCB2-8437-4BC6-8D30-5B86E9244528}.Debug|Any CPU.ActiveCfg = Debug|Any CPU
		{DD0CFCB2-8437-4BC6-8D30-5B86E9244528}.Debug|Any CPU.Build.0 = Debug|Any CPU
		{DD0CFCB2-8437-4BC6-8D30-5B86E9244528}.Release|Any CPU.ActiveCfg = Release|Any CPU
		{DD0CFCB2-8437-4BC6-8D30-5B86E9244528}.Release|Any CPU.Build.0 = Release|Any CPU
	EndGlobalSection
	GlobalSection(SolutionProperties) = preSolution
		HideSolutionNode = FALSE
	EndGlobalSection
	GlobalSection(ExtensibilityGlobals) = postSolution
		SolutionGuid = {C89662A7-D746-436C-A4D9-3B9258DE88A5}
	EndGlobalSection
EndGlobal
