
Microsoft Visual Studio Solution File, Format Version 12.00
# Visual Studio Version 16
VisualStudioVersion = 25.0.1706.1
MinimumVisualStudioVersion = 10.0.40219.1
Project("{FAE04EC0-301F-11D3-BF4B-00C04F79EFBC}") = "CommandLineArgs", "CommandLineArgs\CommandLineArgs.csproj", "{CE991C0B-A18A-4E6F-8955-C5479952F294}"
EndProject
Global
	GlobalSection(SolutionConfigurationPlatforms) = preSolution
		Debug|Any CPU = Debug|Any CPU
		Release|Any CPU = Release|Any CPU
	EndGlobalSection
	GlobalSection(ProjectConfigurationPlatforms) = postSolution
		{CE991C0B-A18A-4E6F-8955-C5479952F294}.Debug|Any CPU.ActiveCfg = Debug|Any CPU
		{CE991C0B-A18A-4E6F-8955-C5479952F294}.Debug|Any CPU.Build.0 = Debug|Any CPU
		{CE991C0B-A18A-4E6F-8955-C5479952F294}.Release|Any CPU.ActiveCfg = Release|Any CPU
		{CE991C0B-A18A-4E6F-8955-C5479952F294}.Release|Any CPU.Build.0 = Release|Any CPU
	EndGlobalSection
	GlobalSection(SolutionProperties) = preSolution
		HideSolutionNode = FALSE
	EndGlobalSection
	GlobalSection(ExtensibilityGlobals) = postSolution
		SolutionGuid = {40FADE5A-4B2D-4879-8255-5EA5ADBA95FE}
	EndGlobalSection
EndGlobal
