
Microsoft Visual Studio Solution File, Format Version 12.00
Project("{FAE04EC0-301F-11D3-BF4B-00C04F79EFBC}") = "SimpleExeceptions", "SimpleExeceptions\SimpleExeceptions.csproj", "{ECFF0CF1-B295-42B1-A5D0-9E5675A9D4C7}"
EndProject
Project("{FAE04EC0-301F-11D3-BF4B-00C04F79EFBC}") = "ExceptionFilters", "ExceptionFilters\ExceptionFilters.csproj", "{71BB1902-0005-4DC5-9111-A73065A476E5}"
EndProject
Project("{FAE04EC0-301F-11D3-BF4B-00C04F79EFBC}") = "ReshrowExceptions", "ReshrowExceptions\ReshrowExceptions.csproj", "{C92CE600-BD0E-485E-A319-A15710BF92AF}"
EndProject
Project("{FAE04EC0-301F-11D3-BF4B-00C04F79EFBC}") = "SolicitColdCall", "SolicitColdCall\SolicitColdCall.csproj", "{A5A6EFA2-3539-4028-B910-4B95D0CE039D}"
EndProject
Project("{FAE04EC0-301F-11D3-BF4B-00C04F79EFBC}") = "CallerInformation", "CallerInformation\CallerInformation.csproj", "{CB20B639-FC34-4650-B640-390BE84C5E16}"
EndProject
Global
	GlobalSection(SolutionConfigurationPlatforms) = preSolution
		Debug|Any CPU = Debug|Any CPU
		Release|Any CPU = Release|Any CPU
	EndGlobalSection
	GlobalSection(ProjectConfigurationPlatforms) = postSolution
		{ECFF0CF1-B295-42B1-A5D0-9E5675A9D4C7}.Debug|Any CPU.ActiveCfg = Debug|Any CPU
		{ECFF0CF1-B295-42B1-A5D0-9E5675A9D4C7}.Debug|Any CPU.Build.0 = Debug|Any CPU
		{ECFF0CF1-B295-42B1-A5D0-9E5675A9D4C7}.Release|Any CPU.ActiveCfg = Release|Any CPU
		{ECFF0CF1-B295-42B1-A5D0-9E5675A9D4C7}.Release|Any CPU.Build.0 = Release|Any CPU
		{71BB1902-0005-4DC5-9111-A73065A476E5}.Debug|Any CPU.ActiveCfg = Debug|Any CPU
		{71BB1902-0005-4DC5-9111-A73065A476E5}.Debug|Any CPU.Build.0 = Debug|Any CPU
		{71BB1902-0005-4DC5-9111-A73065A476E5}.Release|Any CPU.ActiveCfg = Release|Any CPU
		{71BB1902-0005-4DC5-9111-A73065A476E5}.Release|Any CPU.Build.0 = Release|Any CPU
		{C92CE600-BD0E-485E-A319-A15710BF92AF}.Debug|Any CPU.ActiveCfg = Debug|Any CPU
		{C92CE600-BD0E-485E-A319-A15710BF92AF}.Debug|Any CPU.Build.0 = Debug|Any CPU
		{C92CE600-BD0E-485E-A319-A15710BF92AF}.Release|Any CPU.ActiveCfg = Release|Any CPU
		{C92CE600-BD0E-485E-A319-A15710BF92AF}.Release|Any CPU.Build.0 = Release|Any CPU
		{A5A6EFA2-3539-4028-B910-4B95D0CE039D}.Debug|Any CPU.ActiveCfg = Debug|Any CPU
		{A5A6EFA2-3539-4028-B910-4B95D0CE039D}.Debug|Any CPU.Build.0 = Debug|Any CPU
		{A5A6EFA2-3539-4028-B910-4B95D0CE039D}.Release|Any CPU.ActiveCfg = Release|Any CPU
		{A5A6EFA2-3539-4028-B910-4B95D0CE039D}.Release|Any CPU.Build.0 = Release|Any CPU
		{CB20B639-FC34-4650-B640-390BE84C5E16}.Debug|Any CPU.ActiveCfg = Debug|Any CPU
		{CB20B639-FC34-4650-B640-390BE84C5E16}.Debug|Any CPU.Build.0 = Debug|Any CPU
		{CB20B639-FC34-4650-B640-390BE84C5E16}.Release|Any CPU.ActiveCfg = Release|Any CPU
		{CB20B639-FC34-4650-B640-390BE84C5E16}.Release|Any CPU.Build.0 = Release|Any CPU
	EndGlobalSection
EndGlobal
