
Microsoft Visual Studio Solution File, Format Version 12.00
Project("{FAE04EC0-301F-11D3-BF4B-00C04F79EFBC}") = "ListSamples", "ListSamples\ListSamples.csproj", "{D5732563-A983-467B-937A-392C97201854}"
EndProject
Global
	GlobalSection(SolutionConfigurationPlatforms) = preSolution
		Debug|Any CPU = Debug|Any CPU
		Release|Any CPU = Release|Any CPU
	EndGlobalSection
	GlobalSection(ProjectConfigurationPlatforms) = postSolution
		{D5732563-A983-467B-937A-392C97201854}.Debug|Any CPU.ActiveCfg = Debug|Any CPU
		{D5732563-A983-467B-937A-392C97201854}.Debug|Any CPU.Build.0 = Debug|Any CPU
		{D5732563-A983-467B-937A-392C97201854}.Release|Any CPU.ActiveCfg = Release|Any CPU
		{D5732563-A983-467B-937A-392C97201854}.Release|Any CPU.Build.0 = Release|Any CPU
	EndGlobalSection
EndGlobal
