
Microsoft Visual Studio Solution File, Format Version 12.00
# Visual Studio Version 16
VisualStudioVersion = 25.0.1706.1
MinimumVisualStudioVersion = 10.0.40219.1
Project("{FAE04EC0-301F-11D3-BF4B-00C04F79EFBC}") = "StringSample", "StringSample\StringSample.csproj", "{B2D7F41A-5820-4281-9D23-85DB12A85774}"
EndProject
Global
	GlobalSection(SolutionConfigurationPlatforms) = preSolution
		Debug|Any CPU = Debug|Any CPU
		Release|Any CPU = Release|Any CPU
	EndGlobalSection
	GlobalSection(ProjectConfigurationPlatforms) = postSolution
		{B2D7F41A-5820-4281-9D23-85DB12A85774}.Debug|Any CPU.ActiveCfg = Debug|Any CPU
		{B2D7F41A-5820-4281-9D23-85DB12A85774}.Debug|Any CPU.Build.0 = Debug|Any CPU
		{B2D7F41A-5820-4281-9D23-85DB12A85774}.Release|Any CPU.ActiveCfg = Release|Any CPU
		{B2D7F41A-5820-4281-9D23-85DB12A85774}.Release|Any CPU.Build.0 = Release|Any CPU
	EndGlobalSection
	GlobalSection(SolutionProperties) = preSolution
		HideSolutionNode = FALSE
	EndGlobalSection
	GlobalSection(ExtensibilityGlobals) = postSolution
		SolutionGuid = {1CD43E4D-9C9E-4914-86BE-7C6EECE8A1EA}
	EndGlobalSection
EndGlobal
