
Microsoft Visual Studio Solution File, Format Version 12.00
Project("{FAE04EC0-301F-11D3-BF4B-00C04F79EFBC}") = "DataLib", "DataLib\DataLib.csproj", "{07C15DE5-FE99-424D-95FF-C8A7D39EB28F}"
EndProject
Project("{FAE04EC0-301F-11D3-BF4B-00C04F79EFBC}") = "LinqIntro", "LinqIntro\LinqIntro.csproj", "{A60A1962-A68B-4DF5-9DED-6D137022C283}"
EndProject
Global
	GlobalSection(SolutionConfigurationPlatforms) = preSolution
		Debug|Any CPU = Debug|Any CPU
		Release|Any CPU = Release|Any CPU
	EndGlobalSection
	GlobalSection(ProjectConfigurationPlatforms) = postSolution
		{07C15DE5-FE99-424D-95FF-C8A7D39EB28F}.Debug|Any CPU.ActiveCfg = Debug|Any CPU
		{07C15DE5-FE99-424D-95FF-C8A7D39EB28F}.Debug|Any CPU.Build.0 = Debug|Any CPU
		{07C15DE5-FE99-424D-95FF-C8A7D39EB28F}.Release|Any CPU.ActiveCfg = Release|Any CPU
		{07C15DE5-FE99-424D-95FF-C8A7D39EB28F}.Release|Any CPU.Build.0 = Release|Any CPU
		{A60A1962-A68B-4DF5-9DED-6D137022C283}.Debug|Any CPU.ActiveCfg = Debug|Any CPU
		{A60A1962-A68B-4DF5-9DED-6D137022C283}.Debug|Any CPU.Build.0 = Debug|Any CPU
		{A60A1962-A68B-4DF5-9DED-6D137022C283}.Release|Any CPU.ActiveCfg = Release|Any CPU
		{A60A1962-A68B-4DF5-9DED-6D137022C283}.Release|Any CPU.Build.0 = Release|Any CPU
	EndGlobalSection
EndGlobal
