
Microsoft Visual Studio Solution File, Format Version 12.00
Project("{FAE04EC0-301F-11D3-BF4B-00C04F79EFBC}") = "DataLib", "DataLib\DataLib.csproj", "{07C15DE5-FE99-424D-95FF-C8A7D39EB28F}"
EndProject
Project("{FAE04EC0-301F-11D3-BF4B-00C04F79EFBC}") = "LinqIntro", "LinqIntro\LinqIntro.csproj", "{A60A1962-A68B-4DF5-9DED-6D137022C283}"
EndProject
Project("{FAE04EC0-301F-11D3-BF4B-00C04F79EFBC}") = "EnumerableSample", "EnumerableSample\EnumerableSample.csproj", "{737B3B23-53A9-4296-A06A-6BB609DB10FA}"
EndProject
Project("{FAE04EC0-301F-11D3-BF4B-00C04F79EFBC}") = "ParallelLinqSample", "ParallelLinqSample\ParallelLinqSample.csproj", "{F58FE495-5A0C-4777-8678-333EC248DC29}"
EndProject
Project("{FAE04EC0-301F-11D3-BF4B-00C04F79EFBC}") = "ExpressionTreeSample", "ExpressionTreeSample\ExpressionTreeSample.csproj", "{94256DB0-9AB3-4148-AB8C-D2B21430C865}"
EndProject
Global
	GlobalSection(SolutionConfigurationPlatforms) = preSolution
		Debug|Any CPU = Debug|Any CPU
		Release|Any CPU = Release|Any CPU
	EndGlobalSection
	GlobalSection(ProjectConfigurationPlatforms) = postSolution
		{07C15DE5-FE99-424D-95FF-C8A7D39EB28F}.Debug|Any CPU.ActiveCfg = Debug|Any CPU
		{07C15DE5-FE99-424D-95FF-C8A7D39EB28F}.Debug|Any CPU.Build.0 = Debug|Any CPU
		{07C15DE5-FE99-424D-95FF-C8A7D39EB28F}.Release|Any CPU.ActiveCfg = Release|Any CPU
		{07C15DE5-FE99-424D-95FF-C8A7D39EB28F}.Release|Any CPU.Build.0 = Release|Any CPU
		{A60A1962-A68B-4DF5-9DED-6D137022C283}.Debug|Any CPU.ActiveCfg = Debug|Any CPU
		{A60A1962-A68B-4DF5-9DED-6D137022C283}.Debug|Any CPU.Build.0 = Debug|Any CPU
		{A60A1962-A68B-4DF5-9DED-6D137022C283}.Release|Any CPU.ActiveCfg = Release|Any CPU
		{A60A1962-A68B-4DF5-9DED-6D137022C283}.Release|Any CPU.Build.0 = Release|Any CPU
		{737B3B23-53A9-4296-A06A-6BB609DB10FA}.Debug|Any CPU.ActiveCfg = Debug|Any CPU
		{737B3B23-53A9-4296-A06A-6BB609DB10FA}.Debug|Any CPU.Build.0 = Debug|Any CPU
		{737B3B23-53A9-4296-A06A-6BB609DB10FA}.Release|Any CPU.ActiveCfg = Release|Any CPU
		{737B3B23-53A9-4296-A06A-6BB609DB10FA}.Release|Any CPU.Build.0 = Release|Any CPU
		{F58FE495-5A0C-4777-8678-333EC248DC29}.Debug|Any CPU.ActiveCfg = Debug|Any CPU
		{F58FE495-5A0C-4777-8678-333EC248DC29}.Debug|Any CPU.Build.0 = Debug|Any CPU
		{F58FE495-5A0C-4777-8678-333EC248DC29}.Release|Any CPU.ActiveCfg = Release|Any CPU
		{F58FE495-5A0C-4777-8678-333EC248DC29}.Release|Any CPU.Build.0 = Release|Any CPU
		{94256DB0-9AB3-4148-AB8C-D2B21430C865}.Debug|Any CPU.ActiveCfg = Debug|Any CPU
		{94256DB0-9AB3-4148-AB8C-D2B21430C865}.Debug|Any CPU.Build.0 = Debug|Any CPU
		{94256DB0-9AB3-4148-AB8C-D2B21430C865}.Release|Any CPU.ActiveCfg = Release|Any CPU
		{94256DB0-9AB3-4148-AB8C-D2B21430C865}.Release|Any CPU.Build.0 = Release|Any CPU
	EndGlobalSection
EndGlobal
